Microsoft Visual Studio Solution File, Format Version 12.00
# Visual Studio Version 17
VisualStudioVersion = 17.5.2.0
MinimumVisualStudioVersion = 10.0.40219.1
Project("{FAE04EC0-301F-11D3-BF4B-00C04F79EFBC}") = "DbMetaTool", "DbMetaTool.csproj", "{7F8A1343-9994-D742-0E02-53C3EFA9234B}"
EndProject
Global
	GlobalSection(SolutionConfigurationPlatforms) = preSolution
		Debug|Any CPU = Debug|Any CPU
		Release|Any CPU = Release|Any CPU
	EndGlobalSection
	GlobalSection(ProjectConfigurationPlatforms) = postSolution
		{7F8A1343-9994-D742-0E02-53C3EFA9234B}.Debug|Any CPU.ActiveCfg = Debug|Any CPU
		{7F8A1343-9994-D742-0E02-53C3EFA9234B}.Debug|Any CPU.Build.0 = Debug|Any CPU
		{7F8A1343-9994-D742-0E02-53C3EFA9234B}.Release|Any CPU.ActiveCfg = Release|Any CPU
		{7F8A1343-9994-D742-0E02-53C3EFA9234B}.Release|Any CPU.Build.0 = Release|Any CPU
	EndGlobalSection
	GlobalSection(SolutionProperties) = preSolution
		HideSolutionNode = FALSE
	EndGlobalSection
	GlobalSection(ExtensibilityGlobals) = postSolution
		SolutionGuid = {4D7E2F76-3683-4E05-82E9-D7320E70B7A7}
	EndGlobalSection
EndGlobal
